# THIS IS AN AUTOGENERATED FILE. DO NOT EDIT THIS FILE DIRECTLY.
# yarn lockfile v1


dateformat@^4.5.1:
  version "4.5.1"
  resolved "https://registry.yarnpkg.com/dateformat/-/dateformat-4.5.1.tgz#c20e7a9ca77d147906b6dc2261a8be0a5bd2173c"
  integrity sha512-OD0TZ+B7yP7ZgpJf5K2DIbj3FZvFvxgFUuaqA/V5zTjAtAAXZ1E8bktHxmAGs4x5b7PflqA9LeQ84Og7wYtF7Q==

moment@^2.17.1:
  version "2.29.1"
  resolved "https://registry.yarnpkg.com/moment/-/moment-2.29.1.tgz#b2be769fa31940be9eeea6469c075e35006fa3d3"
  integrity sha512-kHmoybcPV8Sqy59DwNDY3Jefr64lK/by/da0ViFcuA4DH0vQg5Q6Ze5VimxkfQNSC+Mls/Kx53s7TjP1RhFEDQ==

pluralize@^5.0.0:
  version "5.1.0"
  resolved "https://registry.yarnpkg.com/pluralize/-/pluralize-5.1.0.tgz#586a3944a76c481f89774f755652779f61d692b2"
  integrity sha1-WGo5RKdsSB+Jd091VlJ3n2HWkrI=

react-moment@^1.1.1:
  version "1.1.1"
  resolved "https://registry.yarnpkg.com/react-moment/-/react-moment-1.1.1.tgz#5fe9fb257039590c804e2b3aedfc3ceb0a6ffb16"
  integrity sha512-WjwvxBSnmLMRcU33do0KixDB+9vP3e84eCse+rd+HNklAMNWyRgZTDEQlay/qK6lcXFPRuEIASJTpEt6pyK7Ww==

time-counting@^2.0.2:
  version "2.0.2"
  resolved "https://registry.yarnpkg.com/time-counting/-/time-counting-2.0.2.tgz#9454101c665457a21e9ffb9575eeb36b4534654d"
  integrity sha512-UC9AlAUkxch27TlFWbE3Ka3ktgVx0zl2qNaFaF49N925YVBv0bAoeg3VrwjvQ3bkdICjO+6Wj2WcffT/HVVPQQ==

time-left-ago@^2.0.2:
  version "2.0.2"
  resolved "https://registry.yarnpkg.com/time-left-ago/-/time-left-ago-2.0.2.tgz#d4195622d291d8a652562dd5ef565d802aca7aa6"
  integrity sha512-7HAvXfX8jSrqHdfukWEYULuI+YZjW3KQZ/PfJZjEI4YPrYVeM0CJrUHGzmcunRLV2KqO3nX3ntw0LybyCxtfEA==
  dependencies:
    moment "^2.17.1"
    pluralize "^5.0.0"
